
Microsoft Visual Studio Solution File, Format Version 12.00
# Visual Studio Version 16
VisualStudioVersion = 16.0.30002.166
MinimumVisualStudioVersion = 10.0.40219.1
Project("{FAE04EC0-301F-11D3-BF4B-00C04F79EFBC}") = "CleanOnion.Api", "CleanOnion.Api\CleanOnion.Api.csproj", "{38CF3CA3-DAC0-4811-9A9A-D40CABED6894}"
EndProject
Project("{2150E333-8FDC-42A3-9474-1A3956D46DE8}") = "Source", "Source", "{13DD8BDC-1092-4825-88CA-52C3F8276535}"
EndProject
Project("{2150E333-8FDC-42A3-9474-1A3956D46DE8}") = "Documents", "Documents", "{600415FE-2209-4321-8B06-8114BE4F9560}"
EndProject
Project("{2150E333-8FDC-42A3-9474-1A3956D46DE8}") = "Core", "Core", "{39EACAC5-616A-4A6B-9E42-1AD94A9C4686}"
EndProject
Project("{2150E333-8FDC-42A3-9474-1A3956D46DE8}") = "Infrastructure", "Infrastructure", "{90B7192D-40C1-432D-82A0-7FE5D4B92816}"
EndProject
Project("{2150E333-8FDC-42A3-9474-1A3956D46DE8}") = "Presentations", "Presentations", "{001B88BA-9D70-4E1A-9589-4D30F0AB8F19}"
EndProject
Project("{2150E333-8FDC-42A3-9474-1A3956D46DE8}") = "Backends", "Backends", "{3C88FF15-7E7F-4F87-BED8-8B02B6B82537}"
EndProject
Project("{FAE04EC0-301F-11D3-BF4B-00C04F79EFBC}") = "CleanOnion.Api.Domain", "CleanOnion.Api.Domain\CleanOnion.Api.Domain.csproj", "{B20A0F79-1455-4D0D-AD77-7B567765E6F1}"
EndProject
Project("{FAE04EC0-301F-11D3-BF4B-00C04F79EFBC}") = "CleanOnion.Api.Application", "CleanOnion.Api.Application\CleanOnion.Api.Application.csproj", "{31FA09AB-197E-4CF7-945D-E3D97C6E8E95}"
EndProject
Project("{FAE04EC0-301F-11D3-BF4B-00C04F79EFBC}") = "CleanOnion.Api.Infrastructure.Identity", "CleanOnion.Api.Infrastructure.Identity\CleanOnion.Api.Infrastructure.Identity.csproj", "{8E97EA4F-7F32-4F7E-A251-F1B1DD721665}"
EndProject
Project("{FAE04EC0-301F-11D3-BF4B-00C04F79EFBC}") = "CleanOnion.Api.Infrastructure.Persistence", "CleanOnion.Api.Infrastructure.Persistence\CleanOnion.Api.Infrastructure.Persistence.csproj", "{6B4152AD-BD6A-47B1-85F6-0A144D86780C}"
EndProject
Global
	GlobalSection(SolutionConfigurationPlatforms) = preSolution
		Debug|Any CPU = Debug|Any CPU
		Release|Any CPU = Release|Any CPU
	EndGlobalSection
	GlobalSection(ProjectConfigurationPlatforms) = postSolution
		{38CF3CA3-DAC0-4811-9A9A-D40CABED6894}.Debug|Any CPU.ActiveCfg = Debug|Any CPU
		{38CF3CA3-DAC0-4811-9A9A-D40CABED6894}.Debug|Any CPU.Build.0 = Debug|Any CPU
		{38CF3CA3-DAC0-4811-9A9A-D40CABED6894}.Release|Any CPU.ActiveCfg = Release|Any CPU
		{38CF3CA3-DAC0-4811-9A9A-D40CABED6894}.Release|Any CPU.Build.0 = Release|Any CPU
		{B20A0F79-1455-4D0D-AD77-7B567765E6F1}.Debug|Any CPU.ActiveCfg = Debug|Any CPU
		{B20A0F79-1455-4D0D-AD77-7B567765E6F1}.Debug|Any CPU.Build.0 = Debug|Any CPU
		{B20A0F79-1455-4D0D-AD77-7B567765E6F1}.Release|Any CPU.ActiveCfg = Release|Any CPU
		{B20A0F79-1455-4D0D-AD77-7B567765E6F1}.Release|Any CPU.Build.0 = Release|Any CPU
		{31FA09AB-197E-4CF7-945D-E3D97C6E8E95}.Debug|Any CPU.ActiveCfg = Debug|Any CPU
		{31FA09AB-197E-4CF7-945D-E3D97C6E8E95}.Debug|Any CPU.Build.0 = Debug|Any CPU
		{31FA09AB-197E-4CF7-945D-E3D97C6E8E95}.Release|Any CPU.ActiveCfg = Release|Any CPU
		{31FA09AB-197E-4CF7-945D-E3D97C6E8E95}.Release|Any CPU.Build.0 = Release|Any CPU
		{8E97EA4F-7F32-4F7E-A251-F1B1DD721665}.Debug|Any CPU.ActiveCfg = Debug|Any CPU
		{8E97EA4F-7F32-4F7E-A251-F1B1DD721665}.Debug|Any CPU.Build.0 = Debug|Any CPU
		{8E97EA4F-7F32-4F7E-A251-F1B1DD721665}.Release|Any CPU.ActiveCfg = Release|Any CPU
		{8E97EA4F-7F32-4F7E-A251-F1B1DD721665}.Release|Any CPU.Build.0 = Release|Any CPU
		{6B4152AD-BD6A-47B1-85F6-0A144D86780C}.Debug|Any CPU.ActiveCfg = Debug|Any CPU
		{6B4152AD-BD6A-47B1-85F6-0A144D86780C}.Debug|Any CPU.Build.0 = Debug|Any CPU
		{6B4152AD-BD6A-47B1-85F6-0A144D86780C}.Release|Any CPU.ActiveCfg = Release|Any CPU
		{6B4152AD-BD6A-47B1-85F6-0A144D86780C}.Release|Any CPU.Build.0 = Release|Any CPU
	EndGlobalSection
	GlobalSection(SolutionProperties) = preSolution
		HideSolutionNode = FALSE
	EndGlobalSection
	GlobalSection(NestedProjects) = preSolution
		{38CF3CA3-DAC0-4811-9A9A-D40CABED6894} = {3C88FF15-7E7F-4F87-BED8-8B02B6B82537}
		{39EACAC5-616A-4A6B-9E42-1AD94A9C4686} = {13DD8BDC-1092-4825-88CA-52C3F8276535}
		{90B7192D-40C1-432D-82A0-7FE5D4B92816} = {13DD8BDC-1092-4825-88CA-52C3F8276535}
		{001B88BA-9D70-4E1A-9589-4D30F0AB8F19} = {13DD8BDC-1092-4825-88CA-52C3F8276535}
		{3C88FF15-7E7F-4F87-BED8-8B02B6B82537} = {001B88BA-9D70-4E1A-9589-4D30F0AB8F19}
		{B20A0F79-1455-4D0D-AD77-7B567765E6F1} = {39EACAC5-616A-4A6B-9E42-1AD94A9C4686}
		{31FA09AB-197E-4CF7-945D-E3D97C6E8E95} = {39EACAC5-616A-4A6B-9E42-1AD94A9C4686}
		{8E97EA4F-7F32-4F7E-A251-F1B1DD721665} = {90B7192D-40C1-432D-82A0-7FE5D4B92816}
		{6B4152AD-BD6A-47B1-85F6-0A144D86780C} = {90B7192D-40C1-432D-82A0-7FE5D4B92816}
	EndGlobalSection
	GlobalSection(ExtensibilityGlobals) = postSolution
		SolutionGuid = {ECD40E70-1E3A-4C10-A4D1-3AF74A751123}
	EndGlobalSection
EndGlobal
